
Microsoft Visual Studio Solution File, Format Version 12.00
# Visual Studio Version 17
VisualStudioVersion = 17.0.31903.59
MinimumVisualStudioVersion = 10.0.40219.1
Project("{2150E333-8FDC-42A3-9474-1A3956D46DE8}") = "src", "src", "{631B9865-463E-46B1-8F23-370C3028A6F9}"
EndProject
Project("{9A19103F-16F7-4668-BE54-9A1E7A4F7556}") = "CalculatorApi", "src\CalculatorApi\CalculatorApi.csproj", "{1676B05B-9ED8-4537-B63C-DFC50300B45E}"
EndProject
Project("{2150E333-8FDC-42A3-9474-1A3956D46DE8}") = "tests", "tests", "{51913E33-8EA1-4844-A498-3142D84CA1A5}"
EndProject
Project("{9A19103F-16F7-4668-BE54-9A1E7A4F7556}") = "CalculatorApi.Tests", "tests\CalculatorApi.Tests\CalculatorApi.Tests.csproj", "{986AB9B2-38F5-4018-A554-C06E90BBD962}"
EndProject
Project("{9A19103F-16F7-4668-BE54-9A1E7A4F7556}") = "Calculator.Service", "src\Calculator.Service\Calculator.Service.csproj", "{DAA42A15-5658-4A9A-B47A-3ACDBA7725D7}"
EndProject
Project("{9A19103F-16F7-4668-BE54-9A1E7A4F7556}") = "CalculatorService.Tests", "tests\CalculatorService.Tests\CalculatorService.Tests.csproj", "{7D436043-C40E-4661-86E2-D9FC77A570B8}"
EndProject
Project("{2150E333-8FDC-42A3-9474-1A3956D46DE8}") = "UnitTests", "UnitTests", "{3B7EFA40-60AF-42DE-8FB9-C9CA73A0E392}"
EndProject
Project("{2150E333-8FDC-42A3-9474-1A3956D46DE8}") = "IntegrationTests", "IntegrationTests", "{0DA59C19-B831-4E09-B3B6-D1A4D5ED9447}"
EndProject
Project("{FAE04EC0-301F-11D3-BF4B-00C04F79EFBC}") = "CalculatorApi.Tests", "tests\Integration\CalculatorApi.Tests\CalculatorApi.Tests.csproj", "{1210966C-4E7B-4D5B-83EE-03FBB0FA561E}"
EndProject
Global
	GlobalSection(SolutionConfigurationPlatforms) = preSolution
		Debug|Any CPU = Debug|Any CPU
		Release|Any CPU = Release|Any CPU
	EndGlobalSection
	GlobalSection(ProjectConfigurationPlatforms) = postSolution
		{1676B05B-9ED8-4537-B63C-DFC50300B45E}.Debug|Any CPU.ActiveCfg = Debug|Any CPU
		{1676B05B-9ED8-4537-B63C-DFC50300B45E}.Debug|Any CPU.Build.0 = Debug|Any CPU
		{1676B05B-9ED8-4537-B63C-DFC50300B45E}.Release|Any CPU.ActiveCfg = Release|Any CPU
		{1676B05B-9ED8-4537-B63C-DFC50300B45E}.Release|Any CPU.Build.0 = Release|Any CPU
		{986AB9B2-38F5-4018-A554-C06E90BBD962}.Debug|Any CPU.ActiveCfg = Debug|Any CPU
		{986AB9B2-38F5-4018-A554-C06E90BBD962}.Debug|Any CPU.Build.0 = Debug|Any CPU
		{986AB9B2-38F5-4018-A554-C06E90BBD962}.Release|Any CPU.ActiveCfg = Release|Any CPU
		{986AB9B2-38F5-4018-A554-C06E90BBD962}.Release|Any CPU.Build.0 = Release|Any CPU
		{DAA42A15-5658-4A9A-B47A-3ACDBA7725D7}.Debug|Any CPU.ActiveCfg = Debug|Any CPU
		{DAA42A15-5658-4A9A-B47A-3ACDBA7725D7}.Debug|Any CPU.Build.0 = Debug|Any CPU
		{DAA42A15-5658-4A9A-B47A-3ACDBA7725D7}.Release|Any CPU.ActiveCfg = Release|Any CPU
		{DAA42A15-5658-4A9A-B47A-3ACDBA7725D7}.Release|Any CPU.Build.0 = Release|Any CPU
		{7D436043-C40E-4661-86E2-D9FC77A570B8}.Debug|Any CPU.ActiveCfg = Debug|Any CPU
		{7D436043-C40E-4661-86E2-D9FC77A570B8}.Debug|Any CPU.Build.0 = Debug|Any CPU
		{7D436043-C40E-4661-86E2-D9FC77A570B8}.Release|Any CPU.ActiveCfg = Release|Any CPU
		{7D436043-C40E-4661-86E2-D9FC77A570B8}.Release|Any CPU.Build.0 = Release|Any CPU
		{1210966C-4E7B-4D5B-83EE-03FBB0FA561E}.Debug|Any CPU.ActiveCfg = Debug|Any CPU
		{1210966C-4E7B-4D5B-83EE-03FBB0FA561E}.Debug|Any CPU.Build.0 = Debug|Any CPU
		{1210966C-4E7B-4D5B-83EE-03FBB0FA561E}.Release|Any CPU.ActiveCfg = Release|Any CPU
		{1210966C-4E7B-4D5B-83EE-03FBB0FA561E}.Release|Any CPU.Build.0 = Release|Any CPU
	EndGlobalSection
	GlobalSection(SolutionProperties) = preSolution
		HideSolutionNode = FALSE
	EndGlobalSection
	GlobalSection(NestedProjects) = preSolution
		{1676B05B-9ED8-4537-B63C-DFC50300B45E} = {631B9865-463E-46B1-8F23-370C3028A6F9}
		{986AB9B2-38F5-4018-A554-C06E90BBD962} = {3B7EFA40-60AF-42DE-8FB9-C9CA73A0E392}
		{DAA42A15-5658-4A9A-B47A-3ACDBA7725D7} = {631B9865-463E-46B1-8F23-370C3028A6F9}
		{7D436043-C40E-4661-86E2-D9FC77A570B8} = {3B7EFA40-60AF-42DE-8FB9-C9CA73A0E392}
		{3B7EFA40-60AF-42DE-8FB9-C9CA73A0E392} = {51913E33-8EA1-4844-A498-3142D84CA1A5}
		{0DA59C19-B831-4E09-B3B6-D1A4D5ED9447} = {51913E33-8EA1-4844-A498-3142D84CA1A5}
		{1210966C-4E7B-4D5B-83EE-03FBB0FA561E} = {0DA59C19-B831-4E09-B3B6-D1A4D5ED9447}
	EndGlobalSection
	GlobalSection(ExtensibilityGlobals) = postSolution
		SolutionGuid = {12D87AFB-31E0-4F29-9E38-B42DA44D30D2}
	EndGlobalSection
EndGlobal
